
Microsoft Visual Studio Solution File, Format Version 12.00
# Visual Studio 15
VisualStudioVersion = 15.0.28010.2003
MinimumVisualStudioVersion = 10.0.40219.1
Project("{FAE04EC0-301F-11D3-BF4B-00C04F79EFBC}") = "Leitor", "Leitor\Leitor.csproj", "{440CBCB4-E0A8-4851-AEDC-1DF23911EE1D}"
EndProject
Global
	GlobalSection(SolutionConfigurationPlatforms) = preSolution
		Debug|Any CPU = Debug|Any CPU
		Release|Any CPU = Release|Any CPU
	EndGlobalSection
	GlobalSection(ProjectConfigurationPlatforms) = postSolution
		{440CBCB4-E0A8-4851-AEDC-1DF23911EE1D}.Debug|Any CPU.ActiveCfg = Debug|Any CPU
		{440CBCB4-E0A8-4851-AEDC-1DF23911EE1D}.Debug|Any CPU.Build.0 = Debug|Any CPU
		{440CBCB4-E0A8-4851-AEDC-1DF23911EE1D}.Debug|Any CPU.Deploy.0 = Debug|Any CPU
		{440CBCB4-E0A8-4851-AEDC-1DF23911EE1D}.Release|Any CPU.ActiveCfg = Release|Any CPU
		{440CBCB4-E0A8-4851-AEDC-1DF23911EE1D}.Release|Any CPU.Build.0 = Release|Any CPU
		{440CBCB4-E0A8-4851-AEDC-1DF23911EE1D}.Release|Any CPU.Deploy.0 = Release|Any CPU
	EndGlobalSection
	GlobalSection(SolutionProperties) = preSolution
		HideSolutionNode = FALSE
	EndGlobalSection
	GlobalSection(ExtensibilityGlobals) = postSolution
		SolutionGuid = {0B5E94CA-43DA-4A16-8057-3977551D87A2}
	EndGlobalSection
EndGlobal
